// !$*UTF8*$!
{
	archiveVersion = 1;
	classes = {
	};
	objectVersion = 50;
	objects = {

/* Begin PBXBuildFile section */
		0D932D0FFBE4A54964F6E0EC /* Pods_Goopter.framework in Frameworks */ = {isa = PBXBuildFile; fileRef = B4A07600564CC7205F029E7D /* Pods_Goopter.framework */; };
		283276C122AB2D7D00AFA0F7 /* AppDelegate.swift in Sources */ = {isa = PBXBuildFile; fileRef = 283276C022AB2D7D00AFA0F7 /* AppDelegate.swift */; };
		283276C322AB2D7D00AFA0F7 /* ViewController.swift in Sources */ = {isa = PBXBuildFile; fileRef = 283276C222AB2D7D00AFA0F7 /* ViewController.swift */; };
		283276C622AB2D7D00AFA0F7 /* Main.storyboard in Resources */ = {isa = PBXBuildFile; fileRef = 283276C422AB2D7D00AFA0F7 /* Main.storyboard */; };
		283276C922AB2D7D00AFA0F7 /* Goopter.xcdatamodeld in Sources */ = {isa = PBXBuildFile; fileRef = 283276C722AB2D7D00AFA0F7 /* Goopter.xcdatamodeld */; };
		283276CB22AB2D8000AFA0F7 /* Assets.xcassets in Resources */ = {isa = PBXBuildFile; fileRef = 283276CA22AB2D8000AFA0F7 /* Assets.xcassets */; };
		283276CE22AB2D8000AFA0F7 /* LaunchScreen.storyboard in Resources */ = {isa = PBXBuildFile; fileRef = 283276CC22AB2D8000AFA0F7 /* LaunchScreen.storyboard */; };
		283276D722AB30B300AFA0F7 /* Extension+UIView.swift in Sources */ = {isa = PBXBuildFile; fileRef = 283276D622AB30B300AFA0F7 /* Extension+UIView.swift */; };
		283276DC22AB326F00AFA0F7 /* Button.swift in Sources */ = {isa = PBXBuildFile; fileRef = 283276DB22AB326F00AFA0F7 /* Button.swift */; };
		283276DE22AB35FD00AFA0F7 /* TopStackView.swift in Sources */ = {isa = PBXBuildFile; fileRef = 283276DD22AB35FD00AFA0F7 /* TopStackView.swift */; };
		283276E022AB362300AFA0F7 /* CardStackView.swift in Sources */ = {isa = PBXBuildFile; fileRef = 283276DF22AB362300AFA0F7 /* CardStackView.swift */; };
		283276E622AB5B2B00AFA0F7 /* CardVC.swift in Sources */ = {isa = PBXBuildFile; fileRef = 283276E522AB5B2B00AFA0F7 /* CardVC.swift */; };
		283276E822AB5D5600AFA0F7 /* Product.swift in Sources */ = {isa = PBXBuildFile; fileRef = 283276E722AB5D5600AFA0F7 /* Product.swift */; };
		283276EA22AB60DA00AFA0F7 /* cardCell.swift in Sources */ = {isa = PBXBuildFile; fileRef = 283276E922AB60DA00AFA0F7 /* cardCell.swift */; };
		283276EC22AB80E600AFA0F7 /* Location.swift in Sources */ = {isa = PBXBuildFile; fileRef = 283276EB22AB80E600AFA0F7 /* Location.swift */; };
		283276F022AC6C7300AFA0F7 /* CustoumNav.swift in Sources */ = {isa = PBXBuildFile; fileRef = 283276EF22AC6C7300AFA0F7 /* CustoumNav.swift */; };
/* End PBXBuildFile section */

/* Begin PBXFileReference section */
		283276BD22AB2D7D00AFA0F7 /* Goopter.app */ = {isa = PBXFileReference; explicitFileType = wrapper.application; includeInIndex = 0; path = Goopter.app; sourceTree = BUILT_PRODUCTS_DIR; };
		283276C022AB2D7D00AFA0F7 /* AppDelegate.swift */ = {isa = PBXFileReference; lastKnownFileType = sourcecode.swift; path = AppDelegate.swift; sourceTree = "<group>"; };
		283276C222AB2D7D00AFA0F7 /* ViewController.swift */ = {isa = PBXFileReference; lastKnownFileType = sourcecode.swift; path = ViewController.swift; sourceTree = "<group>"; };
		283276C522AB2D7D00AFA0F7 /* Base */ = {isa = PBXFileReference; lastKnownFileType = file.storyboard; name = Base; path = Base.lproj/Main.storyboard; sourceTree = "<group>"; };
		283276C822AB2D7D00AFA0F7 /* Goopter.xcdatamodel */ = {isa = PBXFileReference; lastKnownFileType = wrapper.xcdatamodel; path = Goopter.xcdatamodel; sourceTree = "<group>"; };
		283276CA22AB2D8000AFA0F7 /* Assets.xcassets */ = {isa = PBXFileReference; lastKnownFileType = folder.assetcatalog; path = Assets.xcassets; sourceTree = "<group>"; };
		283276CD22AB2D8000AFA0F7 /* Base */ = {isa = PBXFileReference; lastKnownFileType = file.storyboard; name = Base; path = Base.lproj/LaunchScreen.storyboard; sourceTree = "<group>"; };
		283276CF22AB2D8000AFA0F7 /* Info.plist */ = {isa = PBXFileReference; lastKnownFileType = text.plist.xml; path = Info.plist; sourceTree = "<group>"; };
		283276D622AB30B300AFA0F7 /* Extension+UIView.swift */ = {isa = PBXFileReference; lastKnownFileType = sourcecode.swift; path = "Extension+UIView.swift"; sourceTree = "<group>"; };
		283276DB22AB326F00AFA0F7 /* Button.swift */ = {isa = PBXFileReference; lastKnownFileType = sourcecode.swift; path = Button.swift; sourceTree = "<group>"; };
		283276DD22AB35FD00AFA0F7 /* TopStackView.swift */ = {isa = PBXFileReference; lastKnownFileType = sourcecode.swift; path = TopStackView.swift; sourceTree = "<group>"; };
		283276DF22AB362300AFA0F7 /* CardStackView.swift */ = {isa = PBXFileReference; lastKnownFileType = sourcecode.swift; path = CardStackView.swift; sourceTree = "<group>"; };
		283276E522AB5B2B00AFA0F7 /* CardVC.swift */ = {isa = PBXFileReference; lastKnownFileType = sourcecode.swift; path = CardVC.swift; sourceTree = "<group>"; };
		283276E722AB5D5600AFA0F7 /* Product.swift */ = {isa = PBXFileReference; lastKnownFileType = sourcecode.swift; path = Product.swift; sourceTree = "<group>"; };
		283276E922AB60DA00AFA0F7 /* cardCell.swift */ = {isa = PBXFileReference; lastKnownFileType = sourcecode.swift; path = cardCell.swift; sourceTree = "<group>"; };
		283276EB22AB80E600AFA0F7 /* Location.swift */ = {isa = PBXFileReference; lastKnownFileType = sourcecode.swift; path = Location.swift; sourceTree = "<group>"; };
		283276EF22AC6C7300AFA0F7 /* CustoumNav.swift */ = {isa = PBXFileReference; lastKnownFileType = sourcecode.swift; path = CustoumNav.swift; sourceTree = "<group>"; };
		B4A07600564CC7205F029E7D /* Pods_Goopter.framework */ = {isa = PBXFileReference; explicitFileType = wrapper.framework; includeInIndex = 0; path = Pods_Goopter.framework; sourceTree = BUILT_PRODUCTS_DIR; };
		CAD530803DB76F683770BF91 /* Pods-Goopter.debug.xcconfig */ = {isa = PBXFileReference; includeInIndex = 1; lastKnownFileType = text.xcconfig; name = "Pods-Goopter.debug.xcconfig"; path = "Pods/Target Support Files/Pods-Goopter/Pods-Goopter.debug.xcconfig"; sourceTree = "<group>"; };
		F164C604ECBD4DCC00E51E9E /* Pods-Goopter.release.xcconfig */ = {isa = PBXFileReference; includeInIndex = 1; lastKnownFileType = text.xcconfig; name = "Pods-Goopter.release.xcconfig"; path = "Pods/Target Support Files/Pods-Goopter/Pods-Goopter.release.xcconfig"; sourceTree = "<group>"; };
/* End PBXFileReference section */

/* Begin PBXFrameworksBuildPhase section */
		283276BA22AB2D7D00AFA0F7 /* Frameworks */ = {
			isa = PBXFrameworksBuildPhase;
			buildActionMask = 2147483647;
			files = (
				0D932D0FFBE4A54964F6E0EC /* Pods_Goopter.framework in Frameworks */,
			);
			runOnlyForDeploymentPostprocessing = 0;
		};
/* End PBXFrameworksBuildPhase section */

/* Begin PBXGroup section */
		283276B422AB2D7C00AFA0F7 = {
			isa = PBXGroup;
			children = (
				283276BF22AB2D7D00AFA0F7 /* Goopter */,
				283276BE22AB2D7D00AFA0F7 /* Products */,
				62D8A298F9A1538427C51356 /* Pods */,
				BB2B89C297AEC67A4B2CD6B0 /* Frameworks */,
			);
			sourceTree = "<group>";
		};
		283276BE22AB2D7D00AFA0F7 /* Products */ = {
			isa = PBXGroup;
			children = (
				283276BD22AB2D7D00AFA0F7 /* Goopter.app */,
			);
			name = Products;
			sourceTree = "<group>";
		};
		283276BF22AB2D7D00AFA0F7 /* Goopter */ = {
			isa = PBXGroup;
			children = (
				283276D822AB31D800AFA0F7 /* Model */,
				283276D922AB320200AFA0F7 /* View */,
				283276DA22AB320A00AFA0F7 /* Controller */,
				283276D522AB309F00AFA0F7 /* Extensions */,
				283276C022AB2D7D00AFA0F7 /* AppDelegate.swift */,
				283276C422AB2D7D00AFA0F7 /* Main.storyboard */,
				283276CA22AB2D8000AFA0F7 /* Assets.xcassets */,
				283276CC22AB2D8000AFA0F7 /* LaunchScreen.storyboard */,
				283276CF22AB2D8000AFA0F7 /* Info.plist */,
				283276C722AB2D7D00AFA0F7 /* Goopter.xcdatamodeld */,
			);
			path = Goopter;
			sourceTree = "<group>";
		};
		283276D522AB309F00AFA0F7 /* Extensions */ = {
			isa = PBXGroup;
			children = (
				283276D622AB30B300AFA0F7 /* Extension+UIView.swift */,
			);
			path = Extensions;
			sourceTree = "<group>";
		};
		283276D822AB31D800AFA0F7 /* Model */ = {
			isa = PBXGroup;
			children = (
				283276DB22AB326F00AFA0F7 /* Button.swift */,
				283276E722AB5D5600AFA0F7 /* Product.swift */,
				283276EB22AB80E600AFA0F7 /* Location.swift */,
			);
			path = Model;
			sourceTree = "<group>";
		};
		283276D922AB320200AFA0F7 /* View */ = {
			isa = PBXGroup;
			children = (
				283276DD22AB35FD00AFA0F7 /* TopStackView.swift */,
				283276DF22AB362300AFA0F7 /* CardStackView.swift */,
				283276E922AB60DA00AFA0F7 /* cardCell.swift */,
				283276EF22AC6C7300AFA0F7 /* CustoumNav.swift */,
			);
			path = View;
			sourceTree = "<group>";
		};
		283276DA22AB320A00AFA0F7 /* Controller */ = {
			isa = PBXGroup;
			children = (
				283276C222AB2D7D00AFA0F7 /* ViewController.swift */,
				283276E522AB5B2B00AFA0F7 /* CardVC.swift */,
			);
			path = Controller;
			sourceTree = "<group>";
		};
		62D8A298F9A1538427C51356 /* Pods */ = {
			isa = PBXGroup;
			children = (
				CAD530803DB76F683770BF91 /* Pods-Goopter.debug.xcconfig */,
				F164C604ECBD4DCC00E51E9E /* Pods-Goopter.release.xcconfig */,
			);
			name = Pods;
			sourceTree = "<group>";
		};
		BB2B89C297AEC67A4B2CD6B0 /* Frameworks */ = {
			isa = PBXGroup;
			children = (
				B4A07600564CC7205F029E7D /* Pods_Goopter.framework */,
			);
			name = Frameworks;
			sourceTree = "<group>";
		};
/* End PBXGroup section */

/* Begin PBXNativeTarget section */
		283276BC22AB2D7D00AFA0F7 /* Goopter */ = {
			isa = PBXNativeTarget;
			buildConfigurationList = 283276D222AB2D8000AFA0F7 /* Build configuration list for PBXNativeTarget "Goopter" */;
			buildPhases = (
				0D85AB98413943B1928F292A /* [CP] Check Pods Manifest.lock */,
				283276B922AB2D7D00AFA0F7 /* Sources */,
				283276BA22AB2D7D00AFA0F7 /* Frameworks */,
				283276BB22AB2D7D00AFA0F7 /* Resources */,
				F4C769C767FACC6BF9C95403 /* [CP] Embed Pods Frameworks */,
			);
			buildRules = (
			);
			dependencies = (
			);
			name = Goopter;
			productName = Goopter;
			productReference = 283276BD22AB2D7D00AFA0F7 /* Goopter.app */;
			productType = "com.apple.product-type.application";
		};
/* End PBXNativeTarget section */

/* Begin PBXProject section */
		283276B522AB2D7C00AFA0F7 /* Project object */ = {
			isa = PBXProject;
			attributes = {
				LastSwiftUpdateCheck = 1020;
				LastUpgradeCheck = 1020;
				ORGANIZATIONNAME = "Joshua Fang";
				TargetAttributes = {
					283276BC22AB2D7D00AFA0F7 = {
						CreatedOnToolsVersion = 10.2.1;
					};
				};
			};
			buildConfigurationList = 283276B822AB2D7C00AFA0F7 /* Build configuration list for PBXProject "Goopter" */;
			compatibilityVersion = "Xcode 9.3";
			developmentRegion = en;
			hasScannedForEncodings = 0;
			knownRegions = (
				en,
				Base,
			);
			mainGroup = 283276B422AB2D7C00AFA0F7;
			productRefGroup = 283276BE22AB2D7D00AFA0F7 /* Products */;
			projectDirPath = "";
			projectRoot = "";
			targets = (
				283276BC22AB2D7D00AFA0F7 /* Goopter */,
			);
		};
/* End PBXProject section */

/* Begin PBXResourcesBuildPhase section */
		283276BB22AB2D7D00AFA0F7 /* Resources */ = {
			isa = PBXResourcesBuildPhase;
			buildActionMask = 2147483647;
			files = (
				283276CE22AB2D8000AFA0F7 /* LaunchScreen.storyboard in Resources */,
				283276CB22AB2D8000AFA0F7 /* Assets.xcassets in Resources */,
				283276C622AB2D7D00AFA0F7 /* Main.storyboard in Resources */,
			);
			runOnlyForDeploymentPostprocessing = 0;
		};
/* End PBXResourcesBuildPhase section */

/* Begin PBXShellScriptBuildPhase section */
		0D85AB98413943B1928F292A /* [CP] Check Pods Manifest.lock */ = {
			isa = PBXShellScriptBuildPhase;
			buildActionMask = 2147483647;
			files = (
			);
			inputFileListPaths = (
			);
			inputPaths = (
				"${PODS_PODFILE_DIR_PATH}/Podfile.lock",
				"${PODS_ROOT}/Manifest.lock",
			);
			name = "[CP] Check Pods Manifest.lock";
			outputFileListPaths = (
			);
			outputPaths = (
				"$(DERIVED_FILE_DIR)/Pods-Goopter-checkManifestLockResult.txt",
			);
			runOnlyForDeploymentPostprocessing = 0;
			shellPath = /bin/sh;
			shellScript = "diff \"${PODS_PODFILE_DIR_PATH}/Podfile.lock\" \"${PODS_ROOT}/Manifest.lock\" > /dev/null\nif [ $? != 0 ] ; then\n    # print error to STDERR\n    echo \"error: The sandbox is not in sync with the Podfile.lock. Run 'pod install' or update your CocoaPods installation.\" >&2\n    exit 1\nfi\n# This output is used by Xcode 'outputs' to avoid re-running this script phase.\necho \"SUCCESS\" > \"${SCRIPT_OUTPUT_FILE_0}\"\n";
			showEnvVarsInLog = 0;
		};
		F4C769C767FACC6BF9C95403 /* [CP] Embed Pods Frameworks */ = {
			isa = PBXShellScriptBuildPhase;
			buildActionMask = 2147483647;
			files = (
			);
			inputFileListPaths = (
			);
			inputPaths = (
				"${SRCROOT}/Pods/Target Support Files/Pods-Goopter/Pods-Goopter-frameworks.sh",
				"${BUILT_PRODUCTS_DIR}/JGProgressHUD/JGProgressHUD.framework",
				"${BUILT_PRODUCTS_DIR}/SDWebImage/SDWebImage.framework",
			);
			name = "[CP] Embed Pods Frameworks";
			outputFileListPaths = (
			);
			outputPaths = (
				"${TARGET_BUILD_DIR}/${FRAMEWORKS_FOLDER_PATH}/JGProgressHUD.framework",
				"${TARGET_BUILD_DIR}/${FRAMEWORKS_FOLDER_PATH}/SDWebImage.framework",
			);
			runOnlyForDeploymentPostprocessing = 0;
			shellPath = /bin/sh;
			shellScript = "\"${SRCROOT}/Pods/Target Support Files/Pods-Goopter/Pods-Goopter-frameworks.sh\"\n";
			showEnvVarsInLog = 0;
		};
/* End PBXShellScriptBuildPhase section */

/* Begin PBXSourcesBuildPhase section */
		283276B922AB2D7D00AFA0F7 /* Sources */ = {
			isa = PBXSourcesBuildPhase;
			buildActionMask = 2147483647;
			files = (
				283276DC22AB326F00AFA0F7 /* Button.swift in Sources */,
				283276EC22AB80E600AFA0F7 /* Location.swift in Sources */,
				283276E022AB362300AFA0F7 /* CardStackView.swift in Sources */,
				283276E822AB5D5600AFA0F7 /* Product.swift in Sources */,
				283276E622AB5B2B00AFA0F7 /* CardVC.swift in Sources */,
				283276DE22AB35FD00AFA0F7 /* TopStackView.swift in Sources */,
				283276EA22AB60DA00AFA0F7 /* cardCell.swift in Sources */,
				283276C922AB2D7D00AFA0F7 /* Goopter.xcdatamodeld in Sources */,
				283276C322AB2D7D00AFA0F7 /* ViewController.swift in Sources */,
				283276D722AB30B300AFA0F7 /* Extension+UIView.swift in Sources */,
				283276F022AC6C7300AFA0F7 /* CustoumNav.swift in Sources */,
				283276C122AB2D7D00AFA0F7 /* AppDelegate.swift in Sources */,
			);
			runOnlyForDeploymentPostprocessing = 0;
		};
/* End PBXSourcesBuildPhase section */

/* Begin PBXVariantGroup section */
		283276C422AB2D7D00AFA0F7 /* Main.storyboard */ = {
			isa = PBXVariantGroup;
			children = (
				283276C522AB2D7D00AFA0F7 /* Base */,
			);
			name = Main.storyboard;
			sourceTree = "<group>";
		};
		283276CC22AB2D8000AFA0F7 /* LaunchScreen.storyboard */ = {
			isa = PBXVariantGroup;
			children = (
				283276CD22AB2D8000AFA0F7 /* Base */,
			);
			name = LaunchScreen.storyboard;
			sourceTree = "<group>";
		};
/* End PBXVariantGroup section */

/* Begin XCBuildConfiguration section */
		283276D022AB2D8000AFA0F7 /* Debug */ = {
			isa = XCBuildConfiguration;
			buildSettings = {
				ALWAYS_SEARCH_USER_PATHS = NO;
				CLANG_ANALYZER_NONNULL = YES;
				CLANG_ANALYZER_NUMBER_OBJECT_CONVERSION = YES_AGGRESSIVE;
				CLANG_CXX_LANGUAGE_STANDARD = "gnu++14";
				CLANG_CXX_LIBRARY = "libc++";
				CLANG_ENABLE_MODULES = YES;
				CLANG_ENABLE_OBJC_ARC = YES;
				CLANG_ENABLE_OBJC_WEAK = YES;
				CLANG_WARN_BLOCK_CAPTURE_AUTORELEASING = YES;
				CLANG_WARN_BOOL_CONVERSION = YES;
				CLANG_WARN_COMMA = YES;
				CLANG_WARN_CONSTANT_CONVERSION = YES;
				CLANG_WARN_DEPRECATED_OBJC_IMPLEMENTATIONS = YES;
				CLANG_WARN_DIRECT_OBJC_ISA_USAGE = YES_ERROR;
				CLANG_WARN_DOCUMENTATION_COMMENTS = YES;
				CLANG_WARN_EMPTY_BODY = YES;
				CLANG_WARN_ENUM_CONVERSION = YES;
				CLANG_WARN_INFINITE_RECURSION = YES;
				CLANG_WARN_INT_CONVERSION = YES;
				CLANG_WARN_NON_LITERAL_NULL_CONVERSION = YES;
				CLANG_WARN_OBJC_IMPLICIT_RETAIN_SELF = YES;
				CLANG_WARN_OBJC_LITERAL_CONVERSION = YES;
				CLANG_WARN_OBJC_ROOT_CLASS = YES_ERROR;
				CLANG_WARN_RANGE_LOOP_ANALYSIS = YES;
				CLANG_WARN_STRICT_PROTOTYPES = YES;
				CLANG_WARN_SUSPICIOUS_MOVE = YES;
				CLANG_WARN_UNGUARDED_AVAILABILITY = YES_AGGRESSIVE;
				CLANG_WARN_UNREACHABLE_CODE = YES;
				CLANG_WARN__DUPLICATE_METHOD_MATCH = YES;
				CODE_SIGN_IDENTITY = "iPhone Developer";
				COPY_PHASE_STRIP = NO;
				DEBUG_INFORMATION_FORMAT = dwarf;
				ENABLE_STRICT_OBJC_MSGSEND = YES;
				ENABLE_TESTABILITY = YES;
				GCC_C_LANGUAGE_STANDARD = gnu11;
				GCC_DYNAMIC_NO_PIC = NO;
				GCC_NO_COMMON_BLOCKS = YES;
				GCC_OPTIMIZATION_LEVEL = 0;
				GCC_PREPROCESSOR_DEFINITIONS = (
					"DEBUG=1",
					"$(inherited)",
				);
				GCC_WARN_64_TO_32_BIT_CONVERSION = YES;
				GCC_WARN_ABOUT_RETURN_TYPE = YES_ERROR;
				GCC_WARN_UNDECLARED_SELECTOR = YES;
				GCC_WARN_UNINITIALIZED_AUTOS = YES_AGGRESSIVE;
				GCC_WARN_UNUSED_FUNCTION = YES;
				GCC_WARN_UNUSED_VARIABLE = YES;
				IPHONEOS_DEPLOYMENT_TARGET = 12.2;
				MTL_ENABLE_DEBUG_INFO = INCLUDE_SOURCE;
				MTL_FAST_MATH = YES;
				ONLY_ACTIVE_ARCH = YES;
				SDKROOT = iphoneos;
				SWIFT_ACTIVE_COMPILATION_CONDITIONS = DEBUG;
				SWIFT_OPTIMIZATION_LEVEL = "-Onone";
			};
			name = Debug;
		};
		283276D122AB2D8000AFA0F7 /* Release */ = {
			isa = XCBuildConfiguration;
			buildSettings = {
				ALWAYS_SEARCH_USER_PATHS = NO;
				CLANG_ANALYZER_NONNULL = YES;
				CLANG_ANALYZER_NUMBER_OBJECT_CONVERSION = YES_AGGRESSIVE;
				CLANG_CXX_LANGUAGE_STANDARD = "gnu++14";
				CLANG_CXX_LIBRARY = "libc++";
				CLANG_ENABLE_MODULES = YES;
				CLANG_ENABLE_OBJC_ARC = YES;
				CLANG_ENABLE_OBJC_WEAK = YES;
				CLANG_WARN_BLOCK_CAPTURE_AUTORELEASING = YES;
				CLANG_WARN_BOOL_CONVERSION = YES;
				CLANG_WARN_COMMA = YES;
				CLANG_WARN_CONSTANT_CONVERSION = YES;
				CLANG_WARN_DEPRECATED_OBJC_IMPLEMENTATIONS = YES;
				CLANG_WARN_DIRECT_OBJC_ISA_USAGE = YES_ERROR;
				CLANG_WARN_DOCUMENTATION_COMMENTS = YES;
				CLANG_WARN_EMPTY_BODY = YES;
				CLANG_WARN_ENUM_CONVERSION = YES;
				CLANG_WARN_INFINITE_RECURSION = YES;
				CLANG_WARN_INT_CONVERSION = YES;
				CLANG_WARN_NON_LITERAL_NULL_CONVERSION = YES;
				CLANG_WARN_OBJC_IMPLICIT_RETAIN_SELF = YES;
				CLANG_WARN_OBJC_LITERAL_CONVERSION = YES;
				CLANG_WARN_OBJC_ROOT_CLASS = YES_ERROR;
				CLANG_WARN_RANGE_LOOP_ANALYSIS = YES;
				CLANG_WARN_STRICT_PROTOTYPES = YES;
				CLANG_WARN_SUSPICIOUS_MOVE = YES;
				CLANG_WARN_UNGUARDED_AVAILABILITY = YES_AGGRESSIVE;
				CLANG_WARN_UNREACHABLE_CODE = YES;
				CLANG_WARN__DUPLICATE_METHOD_MATCH = YES;
				CODE_SIGN_IDENTITY = "iPhone Developer";
				COPY_PHASE_STRIP = NO;
				DEBUG_INFORMATION_FORMAT = "dwarf-with-dsym";
				ENABLE_NS_ASSERTIONS = NO;
				ENABLE_STRICT_OBJC_MSGSEND = YES;
				GCC_C_LANGUAGE_STANDARD = gnu11;
				GCC_NO_COMMON_BLOCKS = YES;
				GCC_WARN_64_TO_32_BIT_CONVERSION = YES;
				GCC_WARN_ABOUT_RETURN_TYPE = YES_ERROR;
				GCC_WARN_UNDECLARED_SELECTOR = YES;
				GCC_WARN_UNINITIALIZED_AUTOS = YES_AGGRESSIVE;
				GCC_WARN_UNUSED_FUNCTION = YES;
				GCC_WARN_UNUSED_VARIABLE = YES;
				IPHONEOS_DEPLOYMENT_TARGET = 12.2;
				MTL_ENABLE_DEBUG_INFO = NO;
				MTL_FAST_MATH = YES;
				SDKROOT = iphoneos;
				SWIFT_COMPILATION_MODE = wholemodule;
				SWIFT_OPTIMIZATION_LEVEL = "-O";
				VALIDATE_PRODUCT = YES;
			};
			name = Release;
		};
		283276D322AB2D8000AFA0F7 /* Debug */ = {
			isa = XCBuildConfiguration;
			baseConfigurationReference = CAD530803DB76F683770BF91 /* Pods-Goopter.debug.xcconfig */;
			buildSettings = {
				ASSETCATALOG_COMPILER_APPICON_NAME = AppIcon;
				CODE_SIGN_STYLE = Automatic;
				DEVELOPMENT_TEAM = XX8BFQJ7RJ;
				INFOPLIST_FILE = Goopter/Info.plist;
				LD_RUNPATH_SEARCH_PATHS = (
					"$(inherited)",
					"@executable_path/Frameworks",
				);
				PRODUCT_BUNDLE_IDENTIFIER = swift.Goopter;
				PRODUCT_NAME = "$(TARGET_NAME)";
				SWIFT_VERSION = 5.0;
				TARGETED_DEVICE_FAMILY = "1,2";
			};
			name = Debug;
		};
		283276D422AB2D8000AFA0F7 /* Release */ = {
			isa = XCBuildConfiguration;
			baseConfigurationReference = F164C604ECBD4DCC00E51E9E /* Pods-Goopter.release.xcconfig */;
			buildSettings = {
				ASSETCATALOG_COMPILER_APPICON_NAME = AppIcon;
				CODE_SIGN_STYLE = Automatic;
				DEVELOPMENT_TEAM = XX8BFQJ7RJ;
				INFOPLIST_FILE = Goopter/Info.plist;
				LD_RUNPATH_SEARCH_PATHS = (
					"$(inherited)",
					"@executable_path/Frameworks",
				);
				PRODUCT_BUNDLE_IDENTIFIER = swift.Goopter;
				PRODUCT_NAME = "$(TARGET_NAME)";
				SWIFT_VERSION = 5.0;
				TARGETED_DEVICE_FAMILY = "1,2";
			};
			name = Release;
		};
/* End XCBuildConfiguration section */

/* Begin XCConfigurationList section */
		283276B822AB2D7C00AFA0F7 /* Build configuration list for PBXProject "Goopter" */ = {
			isa = XCConfigurationList;
			buildConfigurations = (
				283276D022AB2D8000AFA0F7 /* Debug */,
				283276D122AB2D8000AFA0F7 /* Release */,
			);
			defaultConfigurationIsVisible = 0;
			defaultConfigurationName = Release;
		};
		283276D222AB2D8000AFA0F7 /* Build configuration list for PBXNativeTarget "Goopter" */ = {
			isa = XCConfigurationList;
			buildConfigurations = (
				283276D322AB2D8000AFA0F7 /* Debug */,
				283276D422AB2D8000AFA0F7 /* Release */,
			);
			defaultConfigurationIsVisible = 0;
			defaultConfigurationName = Release;
		};
/* End XCConfigurationList section */

/* Begin XCVersionGroup section */
		283276C722AB2D7D00AFA0F7 /* Goopter.xcdatamodeld */ = {
			isa = XCVersionGroup;
			children = (
				283276C822AB2D7D00AFA0F7 /* Goopter.xcdatamodel */,
			);
			currentVersion = 283276C822AB2D7D00AFA0F7 /* Goopter.xcdatamodel */;
			path = Goopter.xcdatamodeld;
			sourceTree = "<group>";
			versionGroupType = wrapper.xcdatamodel;
		};
/* End XCVersionGroup section */
	};
	rootObject = 283276B522AB2D7C00AFA0F7 /* Project object */;
}
